{
    "_meta": {
        "hash": {
            "sha256": "591fe9bcf1a27c3807b5eff0eaebbde775c0e26b752c8dd4fbb150fa8c29e0d8"
        },
        "pipfile-spec": 6,
        "requires": {
            "python_version": "3.6"
        },
        "sources": [
            {
                "name": "pypi",
                "url": "https://pypi.python.org/simple",
                "verify_ssl": true
            }
        ]
    },
    "default": {
        "aristotle-cloud": {
            "git": "https://github.com/aristotle-metadata-enterprises/aristotle-cloud",
            "ref": "363d41e72e6f5019f5112c1131d2418a714d576d",
            "subdirectory": "python/aristotle-cloud"
        },
        "aristotle-metadata-registry": {
            "git": "https://github.com/aristotle-mdr/aristotle-metadata-registry",
            "ref": "5489a5c674dfb0b4c6893085b81783b624467f80",
            "subdirectory": "python/aristotle-cloud"
        },
        "django": {
            "hashes": [
                "sha256:b7f77c0d168de4c4ad30a02ae31b9dca04fb3c10472f04918d5c02b4117bba68",
                "sha256:eb9271f0874f53106a2719c0c35ce67631f6cc27cf81a60c6f8c9817b35a3f6e"
            ],
            "index": "pypi",
            "version": "==1.11.14"
        },
        "django-data-importer": {
            "git": "https://github.com/LegoStormtroopr/django-data-importer",
            "ref": "410d43a0b24cbdec269e22ad9fc9e0a44513cc06"
        },
        "django-filter": {
            "hashes": [
                "sha256:ea204242ea83790e1512c9d0d8255002a652a6f4986e93cee664f28955ba0c22",
                "sha256:ec0ef1ba23ef95b1620f5d481334413700fb33f45cd76d56a63f4b0b1d76976a"
            ],
            "index": "pypi",
            "version": "==1.1"
        },
        "django-haystack": {
            "hashes": [
                "sha256:e263e7ebecd7a261eb2fa43dba881fdcf4c3e7b9e67a4b097470a7a19d98eb0a"
            ],
            "index": "pypi",
            "version": "==2.7.0"
        },
        "django-model-utils": {
            "hashes": [
                "sha256:2c057f3bf0859aba27f04389f0cedd2d48f8c9b3848acb86fd9970794e58f477",
                "sha256:8cd377744aa45f9f131d652ec460c57d1aaa88d3e9b586c8e27eb709341b9084"
            ],
            "version": "==3.1.2"
        },
        "django-notifications-hq": {
            "hashes": [
                "sha256:bbf1fbc7c7accfe79c1cf2da5fde96cd3e27e22d27108e6f368a91b26ef75450"
            ],
            "index": "pypi",
            "version": "==1.4"
        },
        "jsonfield": {
            "hashes": [
                "sha256:a0a7fdee736ff049059409752b045281a225610fecbda9b9bd588ba976493c12",
                "sha256:beb1cd4850d6d6351c32daefcb826c01757744e9c863228a642f87a1a4acb834"
            ],
            "version": "==2.0.2"
        },
        "pytz": {
            "hashes": [
                "sha256:a061aa0a9e06881eb8b3b2b43f05b9439d6583c206d0a6c340ff72a7b6669053",
                "sha256:ffb9ef1de172603304d9d2819af6f5ece76f2e85ec10692a524dd876e72bf277"
            ],
            "version": "==2018.5"
        }
    },
    "develop": {
        "aristotle-docs-server": {
            "editable": true,
            "path": "."
        },
        "honcho": {
            "hashes": [
                "sha256:af5806bf13e3b20acdcb9ff8c0beb91eee6fe07393c3448dfad89667e6ac7576",
                "sha256:c189402ad2e337777283c6a12d0f4f61dc6dd20c254c9a3a4af5087fc66cea6e"
            ],
            "index": "pypi",
            "version": "==1.0.1"
        }
    }
}
